
Microsoft Visual Studio Solution File, Format Version 12.00
# Visual Studio Version 16
VisualStudioVersion = 16.0.29503.13
MinimumVisualStudioVersion = 10.0.40219.1
Project("{FAE04EC0-301F-11D3-BF4B-00C04F79EFBC}") = "RazorPagesMovie", "RazorPagesMovie\RazorPagesMovie.csproj", "{FECDFCCF-D044-4DB6-807F-D9D5B7E6BA23}"
EndProject
Global
	GlobalSection(SolutionConfigurationPlatforms) = preSolution
		Debug|Any CPU = Debug|Any CPU
		Release|Any CPU = Release|Any CPU
	EndGlobalSection
	GlobalSection(ProjectConfigurationPlatforms) = postSolution
		{FECDFCCF-D044-4DB6-807F-D9D5B7E6BA23}.Debug|Any CPU.ActiveCfg = Debug|Any CPU
		{FECDFCCF-D044-4DB6-807F-D9D5B7E6BA23}.Debug|Any CPU.Build.0 = Debug|Any CPU
		{FECDFCCF-D044-4DB6-807F-D9D5B7E6BA23}.Release|Any CPU.ActiveCfg = Release|Any CPU
		{FECDFCCF-D044-4DB6-807F-D9D5B7E6BA23}.Release|Any CPU.Build.0 = Release|Any CPU
	EndGlobalSection
	GlobalSection(SolutionProperties) = preSolution
		HideSolutionNode = FALSE
	EndGlobalSection
	GlobalSection(ExtensibilityGlobals) = postSolution
		SolutionGuid = {893113F3-2918-47E1-8024-B5E272EE55AF}
	EndGlobalSection
EndGlobal
